// !$*UTF8*$!
{
	archiveVersion = 1;
	classes = {
	};
	objectVersion = 56;
	objects = {

/* Begin PBXBuildFile section */
		B352B1182AED03C100A779C8 /* STNetwork.docc in Sources */ = {isa = PBXBuildFile; fileRef = B352B1172AED03C100A779C8 /* STNetwork.docc */; };
		B352B11E2AED03C100A779C8 /* STNetwork.framework in Frameworks */ = {isa = PBXBuildFile; fileRef = B352B1132AED03C100A779C8 /* STNetwork.framework */; };
		B352B1232AED03C100A779C8 /* STNetworkTests.swift in Sources */ = {isa = PBXBuildFile; fileRef = B352B1222AED03C100A779C8 /* STNetworkTests.swift */; };
		B352B1242AED03C100A779C8 /* STNetwork.h in Headers */ = {isa = PBXBuildFile; fileRef = B352B1162AED03C100A779C8 /* STNetwork.h */; settings = {ATTRIBUTES = (Public, ); }; };
		B352B13E2AED03F200A779C8 /* CharacterDetailUseCase.swift in Sources */ = {isa = PBXBuildFile; fileRef = B352B12E2AED03F200A779C8 /* CharacterDetailUseCase.swift */; };
		B352B13F2AED03F200A779C8 /* CharacterEndPoint.swift in Sources */ = {isa = PBXBuildFile; fileRef = B352B12F2AED03F200A779C8 /* CharacterEndPoint.swift */; };
		B352B1402AED03F200A779C8 /* CharacterListUseCase.swift in Sources */ = {isa = PBXBuildFile; fileRef = B352B1302AED03F200A779C8 /* CharacterListUseCase.swift */; };
		B352B1412AED03F200A779C8 /* Location.swift in Sources */ = {isa = PBXBuildFile; fileRef = B352B1332AED03F200A779C8 /* Location.swift */; };
		B352B1422AED03F200A779C8 /* RMCharacter.swift in Sources */ = {isa = PBXBuildFile; fileRef = B352B1342AED03F200A779C8 /* RMCharacter.swift */; };
		B352B1432AED03F200A779C8 /* Info.swift in Sources */ = {isa = PBXBuildFile; fileRef = B352B1352AED03F200A779C8 /* Info.swift */; };
		B352B1442AED03F200A779C8 /* CharacterListResponse.swift in Sources */ = {isa = PBXBuildFile; fileRef = B352B1362AED03F200A779C8 /* CharacterListResponse.swift */; };
		B352B1452AED03F200A779C8 /* Origin.swift in Sources */ = {isa = PBXBuildFile; fileRef = B352B1372AED03F200A779C8 /* Origin.swift */; };
		B352B1462AED03F200A779C8 /* CharacterDetailResponse.swift in Sources */ = {isa = PBXBuildFile; fileRef = B352B1392AED03F200A779C8 /* CharacterDetailResponse.swift */; };
		B352B1472AED03F200A779C8 /* BaseRequest.swift in Sources */ = {isa = PBXBuildFile; fileRef = B352B13B2AED03F200A779C8 /* BaseRequest.swift */; };
		B352B1482AED03F200A779C8 /* ServiceConstant.swift in Sources */ = {isa = PBXBuildFile; fileRef = B352B13C2AED03F200A779C8 /* ServiceConstant.swift */; };
		B352B1492AED03F200A779C8 /* BaseService.swift in Sources */ = {isa = PBXBuildFile; fileRef = B352B13D2AED03F200A779C8 /* BaseService.swift */; };
		B352B14C2AED040C00A779C8 /* Alamofire in Frameworks */ = {isa = PBXBuildFile; productRef = B352B14B2AED040C00A779C8 /* Alamofire */; };
/* End PBXBuildFile section */

/* Begin PBXContainerItemProxy section */
		B352B11F2AED03C100A779C8 /* PBXContainerItemProxy */ = {
			isa = PBXContainerItemProxy;
			containerPortal = B352B10A2AED03C100A779C8 /* Project object */;
			proxyType = 1;
			remoteGlobalIDString = B352B1122AED03C100A779C8;
			remoteInfo = STNetwork;
		};
/* End PBXContainerItemProxy section */

/* Begin PBXFileReference section */
		B352B1132AED03C100A779C8 /* STNetwork.framework */ = {isa = PBXFileReference; explicitFileType = wrapper.framework; includeInIndex = 0; path = STNetwork.framework; sourceTree = BUILT_PRODUCTS_DIR; };
		B352B1162AED03C100A779C8 /* STNetwork.h */ = {isa = PBXFileReference; lastKnownFileType = sourcecode.c.h; path = STNetwork.h; sourceTree = "<group>"; };
		B352B1172AED03C100A779C8 /* STNetwork.docc */ = {isa = PBXFileReference; lastKnownFileType = folder.documentationcatalog; path = STNetwork.docc; sourceTree = "<group>"; };
		B352B11D2AED03C100A779C8 /* STNetworkTests.xctest */ = {isa = PBXFileReference; explicitFileType = wrapper.cfbundle; includeInIndex = 0; path = STNetworkTests.xctest; sourceTree = BUILT_PRODUCTS_DIR; };
		B352B1222AED03C100A779C8 /* STNetworkTests.swift */ = {isa = PBXFileReference; lastKnownFileType = sourcecode.swift; path = STNetworkTests.swift; sourceTree = "<group>"; };
		B352B12E2AED03F200A779C8 /* CharacterDetailUseCase.swift */ = {isa = PBXFileReference; fileEncoding = 4; lastKnownFileType = sourcecode.swift; path = CharacterDetailUseCase.swift; sourceTree = "<group>"; };
		B352B12F2AED03F200A779C8 /* CharacterEndPoint.swift */ = {isa = PBXFileReference; fileEncoding = 4; lastKnownFileType = sourcecode.swift; path = CharacterEndPoint.swift; sourceTree = "<group>"; };
		B352B1302AED03F200A779C8 /* CharacterListUseCase.swift */ = {isa = PBXFileReference; fileEncoding = 4; lastKnownFileType = sourcecode.swift; path = CharacterListUseCase.swift; sourceTree = "<group>"; };
		B352B1332AED03F200A779C8 /* Location.swift */ = {isa = PBXFileReference; fileEncoding = 4; lastKnownFileType = sourcecode.swift; path = Location.swift; sourceTree = "<group>"; };
		B352B1342AED03F200A779C8 /* RMCharacter.swift */ = {isa = PBXFileReference; fileEncoding = 4; lastKnownFileType = sourcecode.swift; path = RMCharacter.swift; sourceTree = "<group>"; };
		B352B1352AED03F200A779C8 /* Info.swift */ = {isa = PBXFileReference; fileEncoding = 4; lastKnownFileType = sourcecode.swift; path = Info.swift; sourceTree = "<group>"; };
		B352B1362AED03F200A779C8 /* CharacterListResponse.swift */ = {isa = PBXFileReference; fileEncoding = 4; lastKnownFileType = sourcecode.swift; path = CharacterListResponse.swift; sourceTree = "<group>"; };
		B352B1372AED03F200A779C8 /* Origin.swift */ = {isa = PBXFileReference; fileEncoding = 4; lastKnownFileType = sourcecode.swift; path = Origin.swift; sourceTree = "<group>"; };
		B352B1392AED03F200A779C8 /* CharacterDetailResponse.swift */ = {isa = PBXFileReference; fileEncoding = 4; lastKnownFileType = sourcecode.swift; path = CharacterDetailResponse.swift; sourceTree = "<group>"; };
		B352B13B2AED03F200A779C8 /* BaseRequest.swift */ = {isa = PBXFileReference; fileEncoding = 4; lastKnownFileType = sourcecode.swift; path = BaseRequest.swift; sourceTree = "<group>"; };
		B352B13C2AED03F200A779C8 /* ServiceConstant.swift */ = {isa = PBXFileReference; fileEncoding = 4; lastKnownFileType = sourcecode.swift; path = ServiceConstant.swift; sourceTree = "<group>"; };
		B352B13D2AED03F200A779C8 /* BaseService.swift */ = {isa = PBXFileReference; fileEncoding = 4; lastKnownFileType = sourcecode.swift; path = BaseService.swift; sourceTree = "<group>"; };
/* End PBXFileReference section */

/* Begin PBXFrameworksBuildPhase section */
		B352B1102AED03C100A779C8 /* Frameworks */ = {
			isa = PBXFrameworksBuildPhase;
			buildActionMask = 2147483647;
			files = (
				B352B14C2AED040C00A779C8 /* Alamofire in Frameworks */,
			);
			runOnlyForDeploymentPostprocessing = 0;
		};
		B352B11A2AED03C100A779C8 /* Frameworks */ = {
			isa = PBXFrameworksBuildPhase;
			buildActionMask = 2147483647;
			files = (
				B352B11E2AED03C100A779C8 /* STNetwork.framework in Frameworks */,
			);
			runOnlyForDeploymentPostprocessing = 0;
		};
/* End PBXFrameworksBuildPhase section */

/* Begin PBXGroup section */
		B352B1092AED03C100A779C8 = {
			isa = PBXGroup;
			children = (
				B352B1152AED03C100A779C8 /* STNetwork */,
				B352B1212AED03C100A779C8 /* STNetworkTests */,
				B352B1142AED03C100A779C8 /* Products */,
			);
			sourceTree = "<group>";
		};
		B352B1142AED03C100A779C8 /* Products */ = {
			isa = PBXGroup;
			children = (
				B352B1132AED03C100A779C8 /* STNetwork.framework */,
				B352B11D2AED03C100A779C8 /* STNetworkTests.xctest */,
			);
			name = Products;
			sourceTree = "<group>";
		};
		B352B1152AED03C100A779C8 /* STNetwork */ = {
			isa = PBXGroup;
			children = (
				B352B13A2AED03F200A779C8 /* Base */,
				B352B12D2AED03F200A779C8 /* CharacterEndPoint */,
				B352B1312AED03F200A779C8 /* Model */,
				B352B1162AED03C100A779C8 /* STNetwork.h */,
				B352B1172AED03C100A779C8 /* STNetwork.docc */,
			);
			path = STNetwork;
			sourceTree = "<group>";
		};
		B352B1212AED03C100A779C8 /* STNetworkTests */ = {
			isa = PBXGroup;
			children = (
				B352B1222AED03C100A779C8 /* STNetworkTests.swift */,
			);
			path = STNetworkTests;
			sourceTree = "<group>";
		};
		B352B12D2AED03F200A779C8 /* CharacterEndPoint */ = {
			isa = PBXGroup;
			children = (
				B352B12E2AED03F200A779C8 /* CharacterDetailUseCase.swift */,
				B352B12F2AED03F200A779C8 /* CharacterEndPoint.swift */,
				B352B1302AED03F200A779C8 /* CharacterListUseCase.swift */,
			);
			path = CharacterEndPoint;
			sourceTree = "<group>";
		};
		B352B1312AED03F200A779C8 /* Model */ = {
			isa = PBXGroup;
			children = (
				B352B1322AED03F200A779C8 /* CharacterListResponse */,
				B352B1382AED03F200A779C8 /* CharacterDetailResponse */,
			);
			path = Model;
			sourceTree = "<group>";
		};
		B352B1322AED03F200A779C8 /* CharacterListResponse */ = {
			isa = PBXGroup;
			children = (
				B352B1332AED03F200A779C8 /* Location.swift */,
				B352B1342AED03F200A779C8 /* RMCharacter.swift */,
				B352B1352AED03F200A779C8 /* Info.swift */,
				B352B1362AED03F200A779C8 /* CharacterListResponse.swift */,
				B352B1372AED03F200A779C8 /* Origin.swift */,
			);
			path = CharacterListResponse;
			sourceTree = "<group>";
		};
		B352B1382AED03F200A779C8 /* CharacterDetailResponse */ = {
			isa = PBXGroup;
			children = (
				B352B1392AED03F200A779C8 /* CharacterDetailResponse.swift */,
			);
			path = CharacterDetailResponse;
			sourceTree = "<group>";
		};
		B352B13A2AED03F200A779C8 /* Base */ = {
			isa = PBXGroup;
			children = (
				B352B13B2AED03F200A779C8 /* BaseRequest.swift */,
				B352B13C2AED03F200A779C8 /* ServiceConstant.swift */,
				B352B13D2AED03F200A779C8 /* BaseService.swift */,
			);
			path = Base;
			sourceTree = "<group>";
		};
/* End PBXGroup section */

/* Begin PBXHeadersBuildPhase section */
		B352B10E2AED03C100A779C8 /* Headers */ = {
			isa = PBXHeadersBuildPhase;
			buildActionMask = 2147483647;
			files = (
				B352B1242AED03C100A779C8 /* STNetwork.h in Headers */,
			);
			runOnlyForDeploymentPostprocessing = 0;
		};
/* End PBXHeadersBuildPhase section */

/* Begin PBXNativeTarget section */
		B352B1122AED03C100A779C8 /* STNetwork */ = {
			isa = PBXNativeTarget;
			buildConfigurationList = B352B1272AED03C100A779C8 /* Build configuration list for PBXNativeTarget "STNetwork" */;
			buildPhases = (
				B352B10E2AED03C100A779C8 /* Headers */,
				B352B10F2AED03C100A779C8 /* Sources */,
				B352B1102AED03C100A779C8 /* Frameworks */,
				B352B1112AED03C100A779C8 /* Resources */,
			);
			buildRules = (
			);
			dependencies = (
			);
			name = STNetwork;
			packageProductDependencies = (
				B352B14B2AED040C00A779C8 /* Alamofire */,
			);
			productName = STNetwork;
			productReference = B352B1132AED03C100A779C8 /* STNetwork.framework */;
			productType = "com.apple.product-type.framework";
		};
		B352B11C2AED03C100A779C8 /* STNetworkTests */ = {
			isa = PBXNativeTarget;
			buildConfigurationList = B352B12A2AED03C100A779C8 /* Build configuration list for PBXNativeTarget "STNetworkTests" */;
			buildPhases = (
				B352B1192AED03C100A779C8 /* Sources */,
				B352B11A2AED03C100A779C8 /* Frameworks */,
				B352B11B2AED03C100A779C8 /* Resources */,
			);
			buildRules = (
			);
			dependencies = (
				B352B1202AED03C100A779C8 /* PBXTargetDependency */,
			);
			name = STNetworkTests;
			productName = STNetworkTests;
			productReference = B352B11D2AED03C100A779C8 /* STNetworkTests.xctest */;
			productType = "com.apple.product-type.bundle.unit-test";
		};
/* End PBXNativeTarget section */

/* Begin PBXProject section */
		B352B10A2AED03C100A779C8 /* Project object */ = {
			isa = PBXProject;
			attributes = {
				BuildIndependentTargetsInParallel = 1;
				LastSwiftUpdateCheck = 1430;
				LastUpgradeCheck = 1430;
				TargetAttributes = {
					B352B1122AED03C100A779C8 = {
						CreatedOnToolsVersion = 14.3.1;
					};
					B352B11C2AED03C100A779C8 = {
						CreatedOnToolsVersion = 14.3.1;
					};
				};
			};
			buildConfigurationList = B352B10D2AED03C100A779C8 /* Build configuration list for PBXProject "STNetwork" */;
			compatibilityVersion = "Xcode 14.0";
			developmentRegion = en;
			hasScannedForEncodings = 0;
			knownRegions = (
				en,
				Base,
			);
			mainGroup = B352B1092AED03C100A779C8;
			packageReferences = (
				B352B14A2AED040C00A779C8 /* XCRemoteSwiftPackageReference "Alamofire" */,
			);
			productRefGroup = B352B1142AED03C100A779C8 /* Products */;
			projectDirPath = "";
			projectRoot = "";
			targets = (
				B352B1122AED03C100A779C8 /* STNetwork */,
				B352B11C2AED03C100A779C8 /* STNetworkTests */,
			);
		};
/* End PBXProject section */

/* Begin PBXResourcesBuildPhase section */
		B352B1112AED03C100A779C8 /* Resources */ = {
			isa = PBXResourcesBuildPhase;
			buildActionMask = 2147483647;
			files = (
			);
			runOnlyForDeploymentPostprocessing = 0;
		};
		B352B11B2AED03C100A779C8 /* Resources */ = {
			isa = PBXResourcesBuildPhase;
			buildActionMask = 2147483647;
			files = (
			);
			runOnlyForDeploymentPostprocessing = 0;
		};
/* End PBXResourcesBuildPhase section */

/* Begin PBXSourcesBuildPhase section */
		B352B10F2AED03C100A779C8 /* Sources */ = {
			isa = PBXSourcesBuildPhase;
			buildActionMask = 2147483647;
			files = (
				B352B1422AED03F200A779C8 /* RMCharacter.swift in Sources */,
				B352B13E2AED03F200A779C8 /* CharacterDetailUseCase.swift in Sources */,
				B352B13F2AED03F200A779C8 /* CharacterEndPoint.swift in Sources */,
				B352B1412AED03F200A779C8 /* Location.swift in Sources */,
				B352B1182AED03C100A779C8 /* STNetwork.docc in Sources */,
				B352B1452AED03F200A779C8 /* Origin.swift in Sources */,
				B352B1472AED03F200A779C8 /* BaseRequest.swift in Sources */,
				B352B1492AED03F200A779C8 /* BaseService.swift in Sources */,
				B352B1402AED03F200A779C8 /* CharacterListUseCase.swift in Sources */,
				B352B1462AED03F200A779C8 /* CharacterDetailResponse.swift in Sources */,
				B352B1442AED03F200A779C8 /* CharacterListResponse.swift in Sources */,
				B352B1432AED03F200A779C8 /* Info.swift in Sources */,
				B352B1482AED03F200A779C8 /* ServiceConstant.swift in Sources */,
			);
			runOnlyForDeploymentPostprocessing = 0;
		};
		B352B1192AED03C100A779C8 /* Sources */ = {
			isa = PBXSourcesBuildPhase;
			buildActionMask = 2147483647;
			files = (
				B352B1232AED03C100A779C8 /* STNetworkTests.swift in Sources */,
			);
			runOnlyForDeploymentPostprocessing = 0;
		};
/* End PBXSourcesBuildPhase section */

/* Begin PBXTargetDependency section */
		B352B1202AED03C100A779C8 /* PBXTargetDependency */ = {
			isa = PBXTargetDependency;
			target = B352B1122AED03C100A779C8 /* STNetwork */;
			targetProxy = B352B11F2AED03C100A779C8 /* PBXContainerItemProxy */;
		};
/* End PBXTargetDependency section */

/* Begin XCBuildConfiguration section */
		B352B1252AED03C100A779C8 /* Debug */ = {
			isa = XCBuildConfiguration;
			buildSettings = {
				ALWAYS_SEARCH_USER_PATHS = NO;
				CLANG_ANALYZER_NONNULL = YES;
				CLANG_ANALYZER_NUMBER_OBJECT_CONVERSION = YES_AGGRESSIVE;
				CLANG_CXX_LANGUAGE_STANDARD = "gnu++20";
				CLANG_ENABLE_MODULES = YES;
				CLANG_ENABLE_OBJC_ARC = YES;
				CLANG_ENABLE_OBJC_WEAK = YES;
				CLANG_WARN_BLOCK_CAPTURE_AUTORELEASING = YES;
				CLANG_WARN_BOOL_CONVERSION = YES;
				CLANG_WARN_COMMA = YES;
				CLANG_WARN_CONSTANT_CONVERSION = YES;
				CLANG_WARN_DEPRECATED_OBJC_IMPLEMENTATIONS = YES;
				CLANG_WARN_DIRECT_OBJC_ISA_USAGE = YES_ERROR;
				CLANG_WARN_DOCUMENTATION_COMMENTS = YES;
				CLANG_WARN_EMPTY_BODY = YES;
				CLANG_WARN_ENUM_CONVERSION = YES;
				CLANG_WARN_INFINITE_RECURSION = YES;
				CLANG_WARN_INT_CONVERSION = YES;
				CLANG_WARN_NON_LITERAL_NULL_CONVERSION = YES;
				CLANG_WARN_OBJC_IMPLICIT_RETAIN_SELF = YES;
				CLANG_WARN_OBJC_LITERAL_CONVERSION = YES;
				CLANG_WARN_OBJC_ROOT_CLASS = YES_ERROR;
				CLANG_WARN_QUOTED_INCLUDE_IN_FRAMEWORK_HEADER = YES;
				CLANG_WARN_RANGE_LOOP_ANALYSIS = YES;
				CLANG_WARN_STRICT_PROTOTYPES = YES;
				CLANG_WARN_SUSPICIOUS_MOVE = YES;
				CLANG_WARN_UNGUARDED_AVAILABILITY = YES_AGGRESSIVE;
				CLANG_WARN_UNREACHABLE_CODE = YES;
				CLANG_WARN__DUPLICATE_METHOD_MATCH = YES;
				COPY_PHASE_STRIP = NO;
				CURRENT_PROJECT_VERSION = 1;
				DEBUG_INFORMATION_FORMAT = dwarf;
				ENABLE_STRICT_OBJC_MSGSEND = YES;
				ENABLE_TESTABILITY = YES;
				GCC_C_LANGUAGE_STANDARD = gnu11;
				GCC_DYNAMIC_NO_PIC = NO;
				GCC_NO_COMMON_BLOCKS = YES;
				GCC_OPTIMIZATION_LEVEL = 0;
				GCC_PREPROCESSOR_DEFINITIONS = (
					"DEBUG=1",
					"$(inherited)",
				);
				GCC_WARN_64_TO_32_BIT_CONVERSION = YES;
				GCC_WARN_ABOUT_RETURN_TYPE = YES_ERROR;
				GCC_WARN_UNDECLARED_SELECTOR = YES;
				GCC_WARN_UNINITIALIZED_AUTOS = YES_AGGRESSIVE;
				GCC_WARN_UNUSED_FUNCTION = YES;
				GCC_WARN_UNUSED_VARIABLE = YES;
				IPHONEOS_DEPLOYMENT_TARGET = 16.4;
				MTL_ENABLE_DEBUG_INFO = INCLUDE_SOURCE;
				MTL_FAST_MATH = YES;
				ONLY_ACTIVE_ARCH = YES;
				SDKROOT = iphoneos;
				SWIFT_ACTIVE_COMPILATION_CONDITIONS = DEBUG;
				SWIFT_OPTIMIZATION_LEVEL = "-Onone";
				VERSIONING_SYSTEM = "apple-generic";
				VERSION_INFO_PREFIX = "";
			};
			name = Debug;
		};
		B352B1262AED03C100A779C8 /* Release */ = {
			isa = XCBuildConfiguration;
			buildSettings = {
				ALWAYS_SEARCH_USER_PATHS = NO;
				CLANG_ANALYZER_NONNULL = YES;
				CLANG_ANALYZER_NUMBER_OBJECT_CONVERSION = YES_AGGRESSIVE;
				CLANG_CXX_LANGUAGE_STANDARD = "gnu++20";
				CLANG_ENABLE_MODULES = YES;
				CLANG_ENABLE_OBJC_ARC = YES;
				CLANG_ENABLE_OBJC_WEAK = YES;
				CLANG_WARN_BLOCK_CAPTURE_AUTORELEASING = YES;
				CLANG_WARN_BOOL_CONVERSION = YES;
				CLANG_WARN_COMMA = YES;
				CLANG_WARN_CONSTANT_CONVERSION = YES;
				CLANG_WARN_DEPRECATED_OBJC_IMPLEMENTATIONS = YES;
				CLANG_WARN_DIRECT_OBJC_ISA_USAGE = YES_ERROR;
				CLANG_WARN_DOCUMENTATION_COMMENTS = YES;
				CLANG_WARN_EMPTY_BODY = YES;
				CLANG_WARN_ENUM_CONVERSION = YES;
				CLANG_WARN_INFINITE_RECURSION = YES;
				CLANG_WARN_INT_CONVERSION = YES;
				CLANG_WARN_NON_LITERAL_NULL_CONVERSION = YES;
				CLANG_WARN_OBJC_IMPLICIT_RETAIN_SELF = YES;
				CLANG_WARN_OBJC_LITERAL_CONVERSION = YES;
				CLANG_WARN_OBJC_ROOT_CLASS = YES_ERROR;
				CLANG_WARN_QUOTED_INCLUDE_IN_FRAMEWORK_HEADER = YES;
				CLANG_WARN_RANGE_LOOP_ANALYSIS = YES;
				CLANG_WARN_STRICT_PROTOTYPES = YES;
				CLANG_WARN_SUSPICIOUS_MOVE = YES;
				CLANG_WARN_UNGUARDED_AVAILABILITY = YES_AGGRESSIVE;
				CLANG_WARN_UNREACHABLE_CODE = YES;
				CLANG_WARN__DUPLICATE_METHOD_MATCH = YES;
				COPY_PHASE_STRIP = NO;
				CURRENT_PROJECT_VERSION = 1;
				DEBUG_INFORMATION_FORMAT = "dwarf-with-dsym";
				ENABLE_NS_ASSERTIONS = NO;
				ENABLE_STRICT_OBJC_MSGSEND = YES;
				GCC_C_LANGUAGE_STANDARD = gnu11;
				GCC_NO_COMMON_BLOCKS = YES;
				GCC_WARN_64_TO_32_BIT_CONVERSION = YES;
				GCC_WARN_ABOUT_RETURN_TYPE = YES_ERROR;
				GCC_WARN_UNDECLARED_SELECTOR = YES;
				GCC_WARN_UNINITIALIZED_AUTOS = YES_AGGRESSIVE;
				GCC_WARN_UNUSED_FUNCTION = YES;
				GCC_WARN_UNUSED_VARIABLE = YES;
				IPHONEOS_DEPLOYMENT_TARGET = 16.4;
				MTL_ENABLE_DEBUG_INFO = NO;
				MTL_FAST_MATH = YES;
				SDKROOT = iphoneos;
				SWIFT_COMPILATION_MODE = wholemodule;
				SWIFT_OPTIMIZATION_LEVEL = "-O";
				VALIDATE_PRODUCT = YES;
				VERSIONING_SYSTEM = "apple-generic";
				VERSION_INFO_PREFIX = "";
			};
			name = Release;
		};
		B352B1282AED03C100A779C8 /* Debug */ = {
			isa = XCBuildConfiguration;
			buildSettings = {
				CODE_SIGN_STYLE = Automatic;
				CURRENT_PROJECT_VERSION = 1;
				DEFINES_MODULE = YES;
				DEVELOPMENT_TEAM = 4C2D4G4S6B;
				DYLIB_COMPATIBILITY_VERSION = 1;
				DYLIB_CURRENT_VERSION = 1;
				DYLIB_INSTALL_NAME_BASE = "@rpath";
				ENABLE_MODULE_VERIFIER = YES;
				GENERATE_INFOPLIST_FILE = YES;
				INFOPLIST_KEY_NSHumanReadableCopyright = "";
				INSTALL_PATH = "$(LOCAL_LIBRARY_DIR)/Frameworks";
				LD_RUNPATH_SEARCH_PATHS = (
					"$(inherited)",
					"@executable_path/Frameworks",
					"@loader_path/Frameworks",
				);
				MARKETING_VERSION = 1.0;
				MODULE_VERIFIER_SUPPORTED_LANGUAGES = "objective-c objective-c++";
				MODULE_VERIFIER_SUPPORTED_LANGUAGE_STANDARDS = "gnu11 gnu++20";
				PRODUCT_BUNDLE_IDENTIFIER = toysemih.com.STNetwork;
				PRODUCT_NAME = "$(TARGET_NAME:c99extidentifier)";
				SKIP_INSTALL = YES;
				SWIFT_EMIT_LOC_STRINGS = YES;
				SWIFT_VERSION = 5.0;
				TARGETED_DEVICE_FAMILY = "1,2";
			};
			name = Debug;
		};
		B352B1292AED03C100A779C8 /* Release */ = {
			isa = XCBuildConfiguration;
			buildSettings = {
				CODE_SIGN_STYLE = Automatic;
				CURRENT_PROJECT_VERSION = 1;
				DEFINES_MODULE = YES;
				DEVELOPMENT_TEAM = 4C2D4G4S6B;
				DYLIB_COMPATIBILITY_VERSION = 1;
				DYLIB_CURRENT_VERSION = 1;
				DYLIB_INSTALL_NAME_BASE = "@rpath";
				ENABLE_MODULE_VERIFIER = YES;
				GENERATE_INFOPLIST_FILE = YES;
				INFOPLIST_KEY_NSHumanReadableCopyright = "";
				INSTALL_PATH = "$(LOCAL_LIBRARY_DIR)/Frameworks";
				LD_RUNPATH_SEARCH_PATHS = (
					"$(inherited)",
					"@executable_path/Frameworks",
					"@loader_path/Frameworks",
				);
				MARKETING_VERSION = 1.0;
				MODULE_VERIFIER_SUPPORTED_LANGUAGES = "objective-c objective-c++";
				MODULE_VERIFIER_SUPPORTED_LANGUAGE_STANDARDS = "gnu11 gnu++20";
				PRODUCT_BUNDLE_IDENTIFIER = toysemih.com.STNetwork;
				PRODUCT_NAME = "$(TARGET_NAME:c99extidentifier)";
				SKIP_INSTALL = YES;
				SWIFT_EMIT_LOC_STRINGS = YES;
				SWIFT_VERSION = 5.0;
				TARGETED_DEVICE_FAMILY = "1,2";
			};
			name = Release;
		};
		B352B12B2AED03C100A779C8 /* Debug */ = {
			isa = XCBuildConfiguration;
			buildSettings = {
				ALWAYS_EMBED_SWIFT_STANDARD_LIBRARIES = YES;
				CODE_SIGN_STYLE = Automatic;
				CURRENT_PROJECT_VERSION = 1;
				DEVELOPMENT_TEAM = 4C2D4G4S6B;
				GENERATE_INFOPLIST_FILE = YES;
				MARKETING_VERSION = 1.0;
				PRODUCT_BUNDLE_IDENTIFIER = toysemih.com.STNetworkTests;
				PRODUCT_NAME = "$(TARGET_NAME)";
				SWIFT_EMIT_LOC_STRINGS = NO;
				SWIFT_VERSION = 5.0;
				TARGETED_DEVICE_FAMILY = "1,2";
			};
			name = Debug;
		};
		B352B12C2AED03C100A779C8 /* Release */ = {
			isa = XCBuildConfiguration;
			buildSettings = {
				ALWAYS_EMBED_SWIFT_STANDARD_LIBRARIES = YES;
				CODE_SIGN_STYLE = Automatic;
				CURRENT_PROJECT_VERSION = 1;
				DEVELOPMENT_TEAM = 4C2D4G4S6B;
				GENERATE_INFOPLIST_FILE = YES;
				MARKETING_VERSION = 1.0;
				PRODUCT_BUNDLE_IDENTIFIER = toysemih.com.STNetworkTests;
				PRODUCT_NAME = "$(TARGET_NAME)";
				SWIFT_EMIT_LOC_STRINGS = NO;
				SWIFT_VERSION = 5.0;
				TARGETED_DEVICE_FAMILY = "1,2";
			};
			name = Release;
		};
/* End XCBuildConfiguration section */

/* Begin XCConfigurationList section */
		B352B10D2AED03C100A779C8 /* Build configuration list for PBXProject "STNetwork" */ = {
			isa = XCConfigurationList;
			buildConfigurations = (
				B352B1252AED03C100A779C8 /* Debug */,
				B352B1262AED03C100A779C8 /* Release */,
			);
			defaultConfigurationIsVisible = 0;
			defaultConfigurationName = Release;
		};
		B352B1272AED03C100A779C8 /* Build configuration list for PBXNativeTarget "STNetwork" */ = {
			isa = XCConfigurationList;
			buildConfigurations = (
				B352B1282AED03C100A779C8 /* Debug */,
				B352B1292AED03C100A779C8 /* Release */,
			);
			defaultConfigurationIsVisible = 0;
			defaultConfigurationName = Release;
		};
		B352B12A2AED03C100A779C8 /* Build configuration list for PBXNativeTarget "STNetworkTests" */ = {
			isa = XCConfigurationList;
			buildConfigurations = (
				B352B12B2AED03C100A779C8 /* Debug */,
				B352B12C2AED03C100A779C8 /* Release */,
			);
			defaultConfigurationIsVisible = 0;
			defaultConfigurationName = Release;
		};
/* End XCConfigurationList section */

/* Begin XCRemoteSwiftPackageReference section */
		B352B14A2AED040C00A779C8 /* XCRemoteSwiftPackageReference "Alamofire" */ = {
			isa = XCRemoteSwiftPackageReference;
			repositoryURL = "https://github.com/Alamofire/Alamofire";
			requirement = {
				kind = upToNextMajorVersion;
				minimumVersion = 5.0.0;
			};
		};
/* End XCRemoteSwiftPackageReference section */

/* Begin XCSwiftPackageProductDependency section */
		B352B14B2AED040C00A779C8 /* Alamofire */ = {
			isa = XCSwiftPackageProductDependency;
			package = B352B14A2AED040C00A779C8 /* XCRemoteSwiftPackageReference "Alamofire" */;
			productName = Alamofire;
		};
/* End XCSwiftPackageProductDependency section */
	};
	rootObject = B352B10A2AED03C100A779C8 /* Project object */;
}
